// !$*UTF8*$!
{
	archiveVersion = 1;
	classes = {
	};
	objectVersion = 46;
	objects = {

/* Begin PBXBuildFile section */
		ADB127761B947D740055A7EB /* main.m in Sources */ = {isa = PBXBuildFile; fileRef = ADB127751B947D740055A7EB /* main.m */; };
		ADB127791B947D740055A7EB /* AppDelegate.m in Sources */ = {isa = PBXBuildFile; fileRef = ADB127781B947D740055A7EB /* AppDelegate.m */; };
		ADB1277C1B947D740055A7EB /* ViewController.m in Sources */ = {isa = PBXBuildFile; fileRef = ADB1277B1B947D740055A7EB /* ViewController.m */; };
		ADB1277F1B947D740055A7EB /* Main.storyboard in Resources */ = {isa = PBXBuildFile; fileRef = ADB1277D1B947D740055A7EB /* Main.storyboard */; };
		ADB127811B947D740055A7EB /* Images.xcassets in Resources */ = {isa = PBXBuildFile; fileRef = ADB127801B947D740055A7EB /* Images.xcassets */; };
		ADB127841B947D740055A7EB /* LaunchScreen.xib in Resources */ = {isa = PBXBuildFile; fileRef = ADB127821B947D740055A7EB /* LaunchScreen.xib */; };
		ADB127901B947D740055A7EB /* KeyChainTestTests.m in Sources */ = {isa = PBXBuildFile; fileRef = ADB1278F1B947D740055A7EB /* KeyChainTestTests.m */; };
		ADB1279A1B947EB20055A7EB /* Security.framework in Frameworks */ = {isa = PBXBuildFile; fileRef = ADB127991B947EB20055A7EB /* Security.framework */; };
		ADB1279D1B947F080055A7EB /* KeychainItemWrapper.m in Sources */ = {isa = PBXBuildFile; fileRef = ADB1279C1B947F080055A7EB /* KeychainItemWrapper.m */; settings = {COMPILER_FLAGS = "-fno-objc-arc"; }; };
		ADB127A01B94834F0055A7EB /* InfoViewController.m in Sources */ = {isa = PBXBuildFile; fileRef = ADB1279F1B94834F0055A7EB /* InfoViewController.m */; };
/* End PBXBuildFile section */

/* Begin PBXContainerItemProxy section */
		ADB1278A1B947D740055A7EB /* PBXContainerItemProxy */ = {
			isa = PBXContainerItemProxy;
			containerPortal = ADB127681B947D740055A7EB /* Project object */;
			proxyType = 1;
			remoteGlobalIDString = ADB1276F1B947D740055A7EB;
			remoteInfo = KeyChainTest;
		};
/* End PBXContainerItemProxy section */

/* Begin PBXFileReference section */
		ADB127701B947D740055A7EB /* KeyChainTest.app */ = {isa = PBXFileReference; explicitFileType = wrapper.application; includeInIndex = 0; path = KeyChainTest.app; sourceTree = BUILT_PRODUCTS_DIR; };
		ADB127741B947D740055A7EB /* Info.plist */ = {isa = PBXFileReference; lastKnownFileType = text.plist.xml; path = Info.plist; sourceTree = "<group>"; };
		ADB127751B947D740055A7EB /* main.m */ = {isa = PBXFileReference; lastKnownFileType = sourcecode.c.objc; path = main.m; sourceTree = "<group>"; };
		ADB127771B947D740055A7EB /* AppDelegate.h */ = {isa = PBXFileReference; lastKnownFileType = sourcecode.c.h; path = AppDelegate.h; sourceTree = "<group>"; };
		ADB127781B947D740055A7EB /* AppDelegate.m */ = {isa = PBXFileReference; lastKnownFileType = sourcecode.c.objc; path = AppDelegate.m; sourceTree = "<group>"; };
		ADB1277A1B947D740055A7EB /* ViewController.h */ = {isa = PBXFileReference; lastKnownFileType = sourcecode.c.h; path = ViewController.h; sourceTree = "<group>"; };
		ADB1277B1B947D740055A7EB /* ViewController.m */ = {isa = PBXFileReference; lastKnownFileType = sourcecode.c.objc; path = ViewController.m; sourceTree = "<group>"; };
		ADB1277E1B947D740055A7EB /* Base */ = {isa = PBXFileReference; lastKnownFileType = file.storyboard; name = Base; path = Base.lproj/Main.storyboard; sourceTree = "<group>"; };
		ADB127801B947D740055A7EB /* Images.xcassets */ = {isa = PBXFileReference; lastKnownFileType = folder.assetcatalog; path = Images.xcassets; sourceTree = "<group>"; };
		ADB127831B947D740055A7EB /* Base */ = {isa = PBXFileReference; lastKnownFileType = file.xib; name = Base; path = Base.lproj/LaunchScreen.xib; sourceTree = "<group>"; };
		ADB127891B947D740055A7EB /* KeyChainTestTests.xctest */ = {isa = PBXFileReference; explicitFileType = wrapper.cfbundle; includeInIndex = 0; path = KeyChainTestTests.xctest; sourceTree = BUILT_PRODUCTS_DIR; };
		ADB1278E1B947D740055A7EB /* Info.plist */ = {isa = PBXFileReference; lastKnownFileType = text.plist.xml; path = Info.plist; sourceTree = "<group>"; };
		ADB1278F1B947D740055A7EB /* KeyChainTestTests.m */ = {isa = PBXFileReference; lastKnownFileType = sourcecode.c.objc; path = KeyChainTestTests.m; sourceTree = "<group>"; };
		ADB127991B947EB20055A7EB /* Security.framework */ = {isa = PBXFileReference; lastKnownFileType = wrapper.framework; name = Security.framework; path = System/Library/Frameworks/Security.framework; sourceTree = SDKROOT; };
		ADB1279B1B947F080055A7EB /* KeychainItemWrapper.h */ = {isa = PBXFileReference; fileEncoding = 4; lastKnownFileType = sourcecode.c.h; path = KeychainItemWrapper.h; sourceTree = "<group>"; };
		ADB1279C1B947F080055A7EB /* KeychainItemWrapper.m */ = {isa = PBXFileReference; fileEncoding = 4; lastKnownFileType = sourcecode.c.objc; path = KeychainItemWrapper.m; sourceTree = "<group>"; };
		ADB1279E1B94834F0055A7EB /* InfoViewController.h */ = {isa = PBXFileReference; fileEncoding = 4; lastKnownFileType = sourcecode.c.h; path = InfoViewController.h; sourceTree = "<group>"; };
		ADB1279F1B94834F0055A7EB /* InfoViewController.m */ = {isa = PBXFileReference; fileEncoding = 4; lastKnownFileType = sourcecode.c.objc; path = InfoViewController.m; sourceTree = "<group>"; };
/* End PBXFileReference section */

/* Begin PBXFrameworksBuildPhase section */
		ADB1276D1B947D740055A7EB /* Frameworks */ = {
			isa = PBXFrameworksBuildPhase;
			buildActionMask = 2147483647;
			files = (
				ADB1279A1B947EB20055A7EB /* Security.framework in Frameworks */,
			);
			runOnlyForDeploymentPostprocessing = 0;
		};
		ADB127861B947D740055A7EB /* Frameworks */ = {
			isa = PBXFrameworksBuildPhase;
			buildActionMask = 2147483647;
			files = (
			);
			runOnlyForDeploymentPostprocessing = 0;
		};
/* End PBXFrameworksBuildPhase section */

/* Begin PBXGroup section */
		ADB127671B947D740055A7EB = {
			isa = PBXGroup;
			children = (
				ADB127721B947D740055A7EB /* KeyChainTest */,
				ADB1278C1B947D740055A7EB /* KeyChainTestTests */,
				ADB127711B947D740055A7EB /* Products */,
				ADB127991B947EB20055A7EB /* Security.framework */,
			);
			sourceTree = "<group>";
		};
		ADB127711B947D740055A7EB /* Products */ = {
			isa = PBXGroup;
			children = (
				ADB127701B947D740055A7EB /* KeyChainTest.app */,
				ADB127891B947D740055A7EB /* KeyChainTestTests.xctest */,
			);
			name = Products;
			sourceTree = "<group>";
		};
		ADB127721B947D740055A7EB /* KeyChainTest */ = {
			isa = PBXGroup;
			children = (
				ADB127771B947D740055A7EB /* AppDelegate.h */,
				ADB127781B947D740055A7EB /* AppDelegate.m */,
				ADB1277A1B947D740055A7EB /* ViewController.h */,
				ADB1277B1B947D740055A7EB /* ViewController.m */,
				ADB1279E1B94834F0055A7EB /* InfoViewController.h */,
				ADB1279F1B94834F0055A7EB /* InfoViewController.m */,
				ADB1279B1B947F080055A7EB /* KeychainItemWrapper.h */,
				ADB1279C1B947F080055A7EB /* KeychainItemWrapper.m */,
				ADB1277D1B947D740055A7EB /* Main.storyboard */,
				ADB127801B947D740055A7EB /* Images.xcassets */,
				ADB127821B947D740055A7EB /* LaunchScreen.xib */,
				ADB127731B947D740055A7EB /* Supporting Files */,
			);
			path = KeyChainTest;
			sourceTree = "<group>";
		};
		ADB127731B947D740055A7EB /* Supporting Files */ = {
			isa = PBXGroup;
			children = (
				ADB127741B947D740055A7EB /* Info.plist */,
				ADB127751B947D740055A7EB /* main.m */,
			);
			name = "Supporting Files";
			sourceTree = "<group>";
		};
		ADB1278C1B947D740055A7EB /* KeyChainTestTests */ = {
			isa = PBXGroup;
			children = (
				ADB1278F1B947D740055A7EB /* KeyChainTestTests.m */,
				ADB1278D1B947D740055A7EB /* Supporting Files */,
			);
			path = KeyChainTestTests;
			sourceTree = "<group>";
		};
		ADB1278D1B947D740055A7EB /* Supporting Files */ = {
			isa = PBXGroup;
			children = (
				ADB1278E1B947D740055A7EB /* Info.plist */,
			);
			name = "Supporting Files";
			sourceTree = "<group>";
		};
/* End PBXGroup section */

/* Begin PBXNativeTarget section */
		ADB1276F1B947D740055A7EB /* KeyChainTest */ = {
			isa = PBXNativeTarget;
			buildConfigurationList = ADB127931B947D740055A7EB /* Build configuration list for PBXNativeTarget "KeyChainTest" */;
			buildPhases = (
				ADB1276C1B947D740055A7EB /* Sources */,
				ADB1276D1B947D740055A7EB /* Frameworks */,
				ADB1276E1B947D740055A7EB /* Resources */,
			);
			buildRules = (
			);
			dependencies = (
			);
			name = KeyChainTest;
			productName = KeyChainTest;
			productReference = ADB127701B947D740055A7EB /* KeyChainTest.app */;
			productType = "com.apple.product-type.application";
		};
		ADB127881B947D740055A7EB /* KeyChainTestTests */ = {
			isa = PBXNativeTarget;
			buildConfigurationList = ADB127961B947D740055A7EB /* Build configuration list for PBXNativeTarget "KeyChainTestTests" */;
			buildPhases = (
				ADB127851B947D740055A7EB /* Sources */,
				ADB127861B947D740055A7EB /* Frameworks */,
				ADB127871B947D740055A7EB /* Resources */,
			);
			buildRules = (
			);
			dependencies = (
				ADB1278B1B947D740055A7EB /* PBXTargetDependency */,
			);
			name = KeyChainTestTests;
			productName = KeyChainTestTests;
			productReference = ADB127891B947D740055A7EB /* KeyChainTestTests.xctest */;
			productType = "com.apple.product-type.bundle.unit-test";
		};
/* End PBXNativeTarget section */

/* Begin PBXProject section */
		ADB127681B947D740055A7EB /* Project object */ = {
			isa = PBXProject;
			attributes = {
				LastUpgradeCheck = 0640;
				ORGANIZATIONNAME = csdc;
				TargetAttributes = {
					ADB1276F1B947D740055A7EB = {
						CreatedOnToolsVersion = 6.4;
					};
					ADB127881B947D740055A7EB = {
						CreatedOnToolsVersion = 6.4;
						TestTargetID = ADB1276F1B947D740055A7EB;
					};
				};
			};
			buildConfigurationList = ADB1276B1B947D740055A7EB /* Build configuration list for PBXProject "KeyChainTest" */;
			compatibilityVersion = "Xcode 3.2";
			developmentRegion = English;
			hasScannedForEncodings = 0;
			knownRegions = (
				en,
				Base,
			);
			mainGroup = ADB127671B947D740055A7EB;
			productRefGroup = ADB127711B947D740055A7EB /* Products */;
			projectDirPath = "";
			projectRoot = "";
			targets = (
				ADB1276F1B947D740055A7EB /* KeyChainTest */,
				ADB127881B947D740055A7EB /* KeyChainTestTests */,
			);
		};
/* End PBXProject section */

/* Begin PBXResourcesBuildPhase section */
		ADB1276E1B947D740055A7EB /* Resources */ = {
			isa = PBXResourcesBuildPhase;
			buildActionMask = 2147483647;
			files = (
				ADB1277F1B947D740055A7EB /* Main.storyboard in Resources */,
				ADB127841B947D740055A7EB /* LaunchScreen.xib in Resources */,
				ADB127811B947D740055A7EB /* Images.xcassets in Resources */,
			);
			runOnlyForDeploymentPostprocessing = 0;
		};
		ADB127871B947D740055A7EB /* Resources */ = {
			isa = PBXResourcesBuildPhase;
			buildActionMask = 2147483647;
			files = (
			);
			runOnlyForDeploymentPostprocessing = 0;
		};
/* End PBXResourcesBuildPhase section */

/* Begin PBXSourcesBuildPhase section */
		ADB1276C1B947D740055A7EB /* Sources */ = {
			isa = PBXSourcesBuildPhase;
			buildActionMask = 2147483647;
			files = (
				ADB1279D1B947F080055A7EB /* KeychainItemWrapper.m in Sources */,
				ADB1277C1B947D740055A7EB /* ViewController.m in Sources */,
				ADB127791B947D740055A7EB /* AppDelegate.m in Sources */,
				ADB127A01B94834F0055A7EB /* InfoViewController.m in Sources */,
				ADB127761B947D740055A7EB /* main.m in Sources */,
			);
			runOnlyForDeploymentPostprocessing = 0;
		};
		ADB127851B947D740055A7EB /* Sources */ = {
			isa = PBXSourcesBuildPhase;
			buildActionMask = 2147483647;
			files = (
				ADB127901B947D740055A7EB /* KeyChainTestTests.m in Sources */,
			);
			runOnlyForDeploymentPostprocessing = 0;
		};
/* End PBXSourcesBuildPhase section */

/* Begin PBXTargetDependency section */
		ADB1278B1B947D740055A7EB /* PBXTargetDependency */ = {
			isa = PBXTargetDependency;
			target = ADB1276F1B947D740055A7EB /* KeyChainTest */;
			targetProxy = ADB1278A1B947D740055A7EB /* PBXContainerItemProxy */;
		};
/* End PBXTargetDependency section */

/* Begin PBXVariantGroup section */
		ADB1277D1B947D740055A7EB /* Main.storyboard */ = {
			isa = PBXVariantGroup;
			children = (
				ADB1277E1B947D740055A7EB /* Base */,
			);
			name = Main.storyboard;
			sourceTree = "<group>";
		};
		ADB127821B947D740055A7EB /* LaunchScreen.xib */ = {
			isa = PBXVariantGroup;
			children = (
				ADB127831B947D740055A7EB /* Base */,
			);
			name = LaunchScreen.xib;
			sourceTree = "<group>";
		};
/* End PBXVariantGroup section */

/* Begin XCBuildConfiguration section */
		ADB127911B947D740055A7EB /* Debug */ = {
			isa = XCBuildConfiguration;
			buildSettings = {
				ALWAYS_SEARCH_USER_PATHS = NO;
				CLANG_CXX_LANGUAGE_STANDARD = "gnu++0x";
				CLANG_CXX_LIBRARY = "libc++";
				CLANG_ENABLE_MODULES = YES;
				CLANG_ENABLE_OBJC_ARC = YES;
				CLANG_WARN_BOOL_CONVERSION = YES;
				CLANG_WARN_CONSTANT_CONVERSION = YES;
				CLANG_WARN_DIRECT_OBJC_ISA_USAGE = YES_ERROR;
				CLANG_WARN_EMPTY_BODY = YES;
				CLANG_WARN_ENUM_CONVERSION = YES;
				CLANG_WARN_INT_CONVERSION = YES;
				CLANG_WARN_OBJC_ROOT_CLASS = YES_ERROR;
				CLANG_WARN_UNREACHABLE_CODE = YES;
				CLANG_WARN__DUPLICATE_METHOD_MATCH = YES;
				"CODE_SIGN_IDENTITY[sdk=iphoneos*]" = "iPhone Developer";
				COPY_PHASE_STRIP = NO;
				DEBUG_INFORMATION_FORMAT = "dwarf-with-dsym";
				ENABLE_STRICT_OBJC_MSGSEND = YES;
				GCC_C_LANGUAGE_STANDARD = gnu99;
				GCC_DYNAMIC_NO_PIC = NO;
				GCC_NO_COMMON_BLOCKS = YES;
				GCC_OPTIMIZATION_LEVEL = 0;
				GCC_PREPROCESSOR_DEFINITIONS = (
					"DEBUG=1",
					"$(inherited)",
				);
				GCC_SYMBOLS_PRIVATE_EXTERN = NO;
				GCC_WARN_64_TO_32_BIT_CONVERSION = YES;
				GCC_WARN_ABOUT_RETURN_TYPE = YES_ERROR;
				GCC_WARN_UNDECLARED_SELECTOR = YES;
				GCC_WARN_UNINITIALIZED_AUTOS = YES_AGGRESSIVE;
				GCC_WARN_UNUSED_FUNCTION = YES;
				GCC_WARN_UNUSED_VARIABLE = YES;
				IPHONEOS_DEPLOYMENT_TARGET = 8.4;
				MTL_ENABLE_DEBUG_INFO = YES;
				ONLY_ACTIVE_ARCH = YES;
				SDKROOT = iphoneos;
			};
			name = Debug;
		};
		ADB127921B947D740055A7EB /* Release */ = {
			isa = XCBuildConfiguration;
			buildSettings = {
				ALWAYS_SEARCH_USER_PATHS = NO;
				CLANG_CXX_LANGUAGE_STANDARD = "gnu++0x";
				CLANG_CXX_LIBRARY = "libc++";
				CLANG_ENABLE_MODULES = YES;
				CLANG_ENABLE_OBJC_ARC = YES;
				CLANG_WARN_BOOL_CONVERSION = YES;
				CLANG_WARN_CONSTANT_CONVERSION = YES;
				CLANG_WARN_DIRECT_OBJC_ISA_USAGE = YES_ERROR;
				CLANG_WARN_EMPTY_BODY = YES;
				CLANG_WARN_ENUM_CONVERSION = YES;
				CLANG_WARN_INT_CONVERSION = YES;
				CLANG_WARN_OBJC_ROOT_CLASS = YES_ERROR;
				CLANG_WARN_UNREACHABLE_CODE = YES;
				CLANG_WARN__DUPLICATE_METHOD_MATCH = YES;
				"CODE_SIGN_IDENTITY[sdk=iphoneos*]" = "iPhone Developer";
				COPY_PHASE_STRIP = NO;
				DEBUG_INFORMATION_FORMAT = "dwarf-with-dsym";
				ENABLE_NS_ASSERTIONS = NO;
				ENABLE_STRICT_OBJC_MSGSEND = YES;
				GCC_C_LANGUAGE_STANDARD = gnu99;
				GCC_NO_COMMON_BLOCKS = YES;
				GCC_WARN_64_TO_32_BIT_CONVERSION = YES;
				GCC_WARN_ABOUT_RETURN_TYPE = YES_ERROR;
				GCC_WARN_UNDECLARED_SELECTOR = YES;
				GCC_WARN_UNINITIALIZED_AUTOS = YES_AGGRESSIVE;
				GCC_WARN_UNUSED_FUNCTION = YES;
				GCC_WARN_UNUSED_VARIABLE = YES;
				IPHONEOS_DEPLOYMENT_TARGET = 8.4;
				MTL_ENABLE_DEBUG_INFO = NO;
				SDKROOT = iphoneos;
				VALIDATE_PRODUCT = YES;
			};
			name = Release;
		};
		ADB127941B947D740055A7EB /* Debug */ = {
			isa = XCBuildConfiguration;
			buildSettings = {
				ASSETCATALOG_COMPILER_APPICON_NAME = AppIcon;
				INFOPLIST_FILE = KeyChainTest/Info.plist;
				LD_RUNPATH_SEARCH_PATHS = "$(inherited) @executable_path/Frameworks";
				PRODUCT_NAME = "$(TARGET_NAME)";
			};
			name = Debug;
		};
		ADB127951B947D740055A7EB /* Release */ = {
			isa = XCBuildConfiguration;
			buildSettings = {
				ASSETCATALOG_COMPILER_APPICON_NAME = AppIcon;
				INFOPLIST_FILE = KeyChainTest/Info.plist;
				LD_RUNPATH_SEARCH_PATHS = "$(inherited) @executable_path/Frameworks";
				PRODUCT_NAME = "$(TARGET_NAME)";
			};
			name = Release;
		};
		ADB127971B947D740055A7EB /* Debug */ = {
			isa = XCBuildConfiguration;
			buildSettings = {
				BUNDLE_LOADER = "$(TEST_HOST)";
				FRAMEWORK_SEARCH_PATHS = (
					"$(SDKROOT)/Developer/Library/Frameworks",
					"$(inherited)",
				);
				GCC_PREPROCESSOR_DEFINITIONS = (
					"DEBUG=1",
					"$(inherited)",
				);
				INFOPLIST_FILE = KeyChainTestTests/Info.plist;
				LD_RUNPATH_SEARCH_PATHS = "$(inherited) @executable_path/Frameworks @loader_path/Frameworks";
				PRODUCT_NAME = "$(TARGET_NAME)";
				TEST_HOST = "$(BUILT_PRODUCTS_DIR)/KeyChainTest.app/KeyChainTest";
			};
			name = Debug;
		};
		ADB127981B947D740055A7EB /* Release */ = {
			isa = XCBuildConfiguration;
			buildSettings = {
				BUNDLE_LOADER = "$(TEST_HOST)";
				FRAMEWORK_SEARCH_PATHS = (
					"$(SDKROOT)/Developer/Library/Frameworks",
					"$(inherited)",
				);
				INFOPLIST_FILE = KeyChainTestTests/Info.plist;
				LD_RUNPATH_SEARCH_PATHS = "$(inherited) @executable_path/Frameworks @loader_path/Frameworks";
				PRODUCT_NAME = "$(TARGET_NAME)";
				TEST_HOST = "$(BUILT_PRODUCTS_DIR)/KeyChainTest.app/KeyChainTest";
			};
			name = Release;
		};
/* End XCBuildConfiguration section */

/* Begin XCConfigurationList section */
		ADB1276B1B947D740055A7EB /* Build configuration list for PBXProject "KeyChainTest" */ = {
			isa = XCConfigurationList;
			buildConfigurations = (
				ADB127911B947D740055A7EB /* Debug */,
				ADB127921B947D740055A7EB /* Release */,
			);
			defaultConfigurationIsVisible = 0;
			defaultConfigurationName = Release;
		};
		ADB127931B947D740055A7EB /* Build configuration list for PBXNativeTarget "KeyChainTest" */ = {
			isa = XCConfigurationList;
			buildConfigurations = (
				ADB127941B947D740055A7EB /* Debug */,
				ADB127951B947D740055A7EB /* Release */,
			);
			defaultConfigurationIsVisible = 0;
			defaultConfigurationName = Release;
		};
		ADB127961B947D740055A7EB /* Build configuration list for PBXNativeTarget "KeyChainTestTests" */ = {
			isa = XCConfigurationList;
			buildConfigurations = (
				ADB127971B947D740055A7EB /* Debug */,
				ADB127981B947D740055A7EB /* Release */,
			);
			defaultConfigurationIsVisible = 0;
			defaultConfigurationName = Release;
		};
/* End XCConfigurationList section */
	};
	rootObject = ADB127681B947D740055A7EB /* Project object */;
}
